
Microsoft Visual Studio Solution File, Format Version 12.00
# Visual Studio Version 16
VisualStudioVersion = 16.0.33927.289
MinimumVisualStudioVersion = 10.0.40219.1
Project("{2150E333-8FDC-42A3-9474-1A3956D46DE8}") = "Task0", "Task0", "{220D9BFB-8EDF-4C36-BB8A-60F73B4CA19C}"
EndProject
Project("{FAE04EC0-301F-11D3-BF4B-00C04F79EFBC}") = "Tyuiu.KondrakovAA.Sprint6.Task0.V29.Lib", "Tyuiu.KondrakovAA.Sprint6.Task0.V29.Lib\Tyuiu.KondrakovAA.Sprint6.Task0.V29.Lib.csproj", "{4F99613C-BA25-4524-9478-8A2C6A890129}"
EndProject
Project("{FAE04EC0-301F-11D3-BF4B-00C04F79EFBC}") = "Tyuiu.KondrakovAA.Sprint6.Task0.V29.Test", "Tyuiu.KondrakovAA.Sprint6.Task0.V29.Test\Tyuiu.KondrakovAA.Sprint6.Task0.V29.Test.csproj", "{6A6D612C-79F0-45C9-A00F-584D474F6762}"
EndProject
Project("{FAE04EC0-301F-11D3-BF4B-00C04F79EFBC}") = "Tyuiu.KondrakovAA.Sprint6.Task0.V29", "Tyuiu.KondrakovAA.Sprint6.Task0.V29\Tyuiu.KondrakovAA.Sprint6.Task0.V29.csproj", "{1B7B0BE5-9F39-42F9-9A7C-81EC56303F65}"
EndProject
Project("{2150E333-8FDC-42A3-9474-1A3956D46DE8}") = "Task1", "Task1", "{B9DA46BC-9443-4DDB-8157-91A8EC3E234A}"
EndProject
Project("{FAE04EC0-301F-11D3-BF4B-00C04F79EFBC}") = "Tyuiu.KondrakovAA.Sprint6.Task1.V9.Lib", "Tyuiu.KondrakovAA.Sprint6.Task1.V9.Lib\Tyuiu.KondrakovAA.Sprint6.Task1.V9.Lib.csproj", "{3830A99E-2458-42D4-B7F1-1671488F3FD6}"
EndProject
Project("{FAE04EC0-301F-11D3-BF4B-00C04F79EFBC}") = "Tyuiu.KondrakovAA.Sprint6.Task1.V9", "Tyuiu.KondrakovAA.Sprint6.Task1.V9\Tyuiu.KondrakovAA.Sprint6.Task1.V9.csproj", "{94E1ACDD-571B-407B-91D5-11960EDA7F37}"
EndProject
Project("{FAE04EC0-301F-11D3-BF4B-00C04F79EFBC}") = "Tyuiu.KondrakovAA.Sprint6.Task1.V9.Test", "Tyuiu.KondrakovAA.Sprint6.Task1.V9.Test\Tyuiu.KondrakovAA.Sprint6.Task1.V9.Test.csproj", "{67E7BC75-0A04-4DC8-ADE2-C4AEC627F7E1}"
EndProject
Project("{2150E333-8FDC-42A3-9474-1A3956D46DE8}") = "Task2", "Task2", "{C1F6C32B-E7B4-46CE-8D04-1766F0C5ED85}"
EndProject
Project("{2150E333-8FDC-42A3-9474-1A3956D46DE8}") = "Task3", "Task3", "{BEF4B24A-DB50-4375-9A92-33B9CA9D4F63}"
EndProject
Project("{FAE04EC0-301F-11D3-BF4B-00C04F79EFBC}") = "Tyuiu.KondrakovAA.Sprint6.Task2.V20.Lib", "Tyuiu.KondrakovAA.Sprint6.Task2.V20.Lib\Tyuiu.KondrakovAA.Sprint6.Task2.V20.Lib.csproj", "{B3B2ACC5-F6F7-4475-8087-7A3165DFC724}"
EndProject
Project("{FAE04EC0-301F-11D3-BF4B-00C04F79EFBC}") = "Tyuiu.KondrakovAA.Sprint6.Task2.V20", "Tyuiu.KondrakovAA.Sprint6.Task2.V20\Tyuiu.KondrakovAA.Sprint6.Task2.V20.csproj", "{1A9390AF-6735-4126-B473-2AAFFDB7A0DD}"
EndProject
Project("{FAE04EC0-301F-11D3-BF4B-00C04F79EFBC}") = "Tyuiu.KondrakovAA.Sprint6.Task2.V20.Test", "Tyuiu.KondrakovAA.Sprint6.Task2.V20.Test\Tyuiu.KondrakovAA.Sprint6.Task2.V20.Test.csproj", "{45506C4B-7AD7-4D65-9459-30B8A254781C}"
EndProject
Project("{FAE04EC0-301F-11D3-BF4B-00C04F79EFBC}") = "Tyuiu.KondrakovAA.Sprint6.Task3.V14.Lib", "Tyuiu.KondrakovAA.Sprint6.Task3.V14.Lib\Tyuiu.KondrakovAA.Sprint6.Task3.V14.Lib.csproj", "{847547D2-35B4-4C14-B229-D2B28BF7F8F0}"
EndProject
Project("{FAE04EC0-301F-11D3-BF4B-00C04F79EFBC}") = "Tyuiu.KondrakovAA.Sprint6.Task3.V14", "Tyuiu.KondrakovAA.Sprint6.Task3.V14\Tyuiu.KondrakovAA.Sprint6.Task3.V14.csproj", "{C1BEFB1A-3DF8-43E8-9A5D-A70EF7C36B1D}"
EndProject
Project("{FAE04EC0-301F-11D3-BF4B-00C04F79EFBC}") = "Tyuiu.KondrakovAA.Sprint6.Task3.V14.Test", "Tyuiu.KondrakovAA.Sprint6.Task3.V14.Test\Tyuiu.KondrakovAA.Sprint6.Task3.V14.Test.csproj", "{D9B28D85-E0F9-44B6-AF99-1E347CFA17DB}"
EndProject
Project("{2150E333-8FDC-42A3-9474-1A3956D46DE8}") = "Task4", "Task4", "{FBE97FD9-BAD2-4259-B739-480477BE9F81}"
EndProject
Project("{FAE04EC0-301F-11D3-BF4B-00C04F79EFBC}") = "Tyuiu.KondrakovAA.Sprint6.Task4.V26.Lib", "Tyuiu.KondrakovAA.Sprint6.Task4.V26.Lib\Tyuiu.KondrakovAA.Sprint6.Task4.V26.Lib.csproj", "{D8A4BABA-7AF6-4F58-A7E6-822FA38A65FD}"
EndProject
Project("{FAE04EC0-301F-11D3-BF4B-00C04F79EFBC}") = "Tyuiu.KondrakovAA.Sprint6.Task4.V26", "Tyuiu.KondrakovAA.Sprint6.Task4.V26\Tyuiu.KondrakovAA.Sprint6.Task4.V26.csproj", "{8DF427D0-8D66-4F08-8DBC-296BB334B06B}"
EndProject
Project("{FAE04EC0-301F-11D3-BF4B-00C04F79EFBC}") = "Tyuiu.KondrakovAA.Sprint6.Task4.V26.Test", "Tyuiu.KondrakovAA.Sprint6.Task4.V26.Test\Tyuiu.KondrakovAA.Sprint6.Task4.V26.Test.csproj", "{6E9769D5-FA04-43A4-AD47-8980E0321A08}"
EndProject
Project("{2150E333-8FDC-42A3-9474-1A3956D46DE8}") = "Task5", "Task5", "{56BFE44B-5FFC-47B4-A828-BC72A939F85B}"
EndProject
Project("{FAE04EC0-301F-11D3-BF4B-00C04F79EFBC}") = "Tyuiu.KondrakovAA.Sprint6.Task5.V21.Lib", "Tyuiu.KondrakovAA.Sprint6.Task5.V21.Lib\Tyuiu.KondrakovAA.Sprint6.Task5.V21.Lib.csproj", "{33F81BCE-A305-47EF-A06E-3B6BC77BEE3F}"
EndProject
Project("{FAE04EC0-301F-11D3-BF4B-00C04F79EFBC}") = "Tyuiu.KondrakovAA.Sprint6.Task5.V21", "Tyuiu.KondrakovAA.Sprint6.Task5.V21\Tyuiu.KondrakovAA.Sprint6.Task5.V21.csproj", "{FC6BF8E2-4513-42B8-8ED3-C58EB6CE3484}"
EndProject
Project("{FAE04EC0-301F-11D3-BF4B-00C04F79EFBC}") = "Tyuiu.KondrakovAA.Sprint6.Task5.V21.Test", "Tyuiu.KondrakovAA.Sprint6.Task5.V21.Test\Tyuiu.KondrakovAA.Sprint6.Task5.V21.Test.csproj", "{5166F1F3-7E48-4676-8A90-25DED1B9A726}"
EndProject
Project("{2150E333-8FDC-42A3-9474-1A3956D46DE8}") = "Task6", "Task6", "{D94A43F5-C389-4C26-8AA9-FD4E5602B45D}"
EndProject
Project("{2150E333-8FDC-42A3-9474-1A3956D46DE8}") = "Task7", "Task7", "{8115C543-C31C-4038-89EB-0FBB86AD6F36}"
EndProject
Project("{FAE04EC0-301F-11D3-BF4B-00C04F79EFBC}") = "Tyuiu.KondrakovAA.Sprint6.Task6.V19.Lib", "Tyuiu.KondrakovAA.Sprint6.Task6.V19.Lib\Tyuiu.KondrakovAA.Sprint6.Task6.V19.Lib.csproj", "{78A80450-47C9-4FE8-9654-32D689800249}"
EndProject
Project("{FAE04EC0-301F-11D3-BF4B-00C04F79EFBC}") = "Tyuiu.KondrakovAA.Sprint6.Task6.V19", "Tyuiu.KondrakovAA.Sprint6.Task6.V19\Tyuiu.KondrakovAA.Sprint6.Task6.V19.csproj", "{CAEEA13A-5721-4895-A9D1-A08171002702}"
EndProject
Project("{FAE04EC0-301F-11D3-BF4B-00C04F79EFBC}") = "Tyuiu.KondrakovAA.Sprint6.Task6.V19.Test", "Tyuiu.KondrakovAA.Sprint6.Task6.V19.Test\Tyuiu.KondrakovAA.Sprint6.Task6.V19.Test.csproj", "{B27A9CA2-AA89-497E-884E-C4B244A995EE}"
EndProject
Project("{FAE04EC0-301F-11D3-BF4B-00C04F79EFBC}") = "Tyuiu.KondrakovAA.Sprint6.Task7.V30.Lib", "Tyuiu.KondrakovAA.Sprint6.Task7.V30.Lib\Tyuiu.KondrakovAA.Sprint6.Task7.V30.Lib.csproj", "{37BF9EE5-CFDF-4F3D-86E6-B56C8A4C3E8C}"
EndProject
Project("{FAE04EC0-301F-11D3-BF4B-00C04F79EFBC}") = "Tyuiu.KondrakovAA.Sprint6.Task7.V30", "Tyuiu.KondrakovAA.Sprint6.Task7.V30\Tyuiu.KondrakovAA.Sprint6.Task7.V30.csproj", "{57DD332E-C179-48C9-B52F-FFCA1B3421B5}"
EndProject
Project("{FAE04EC0-301F-11D3-BF4B-00C04F79EFBC}") = "Tyuiu.KondrakovAA.Sprint6.Task7.V30.Test", "Tyuiu.KondrakovAA.Sprint6.Task7.V30.Test\Tyuiu.KondrakovAA.Sprint6.Task7.V30.Test.csproj", "{EDE25A92-903E-46E8-B697-EE0CD3E7DE76}"
EndProject
Global
	GlobalSection(SolutionConfigurationPlatforms) = preSolution
		Debug|Any CPU = Debug|Any CPU
		Release|Any CPU = Release|Any CPU
	EndGlobalSection
	GlobalSection(ProjectConfigurationPlatforms) = postSolution
		{4F99613C-BA25-4524-9478-8A2C6A890129}.Debug|Any CPU.ActiveCfg = Debug|Any CPU
		{4F99613C-BA25-4524-9478-8A2C6A890129}.Debug|Any CPU.Build.0 = Debug|Any CPU
		{4F99613C-BA25-4524-9478-8A2C6A890129}.Release|Any CPU.ActiveCfg = Release|Any CPU
		{4F99613C-BA25-4524-9478-8A2C6A890129}.Release|Any CPU.Build.0 = Release|Any CPU
		{6A6D612C-79F0-45C9-A00F-584D474F6762}.Debug|Any CPU.ActiveCfg = Debug|Any CPU
		{6A6D612C-79F0-45C9-A00F-584D474F6762}.Debug|Any CPU.Build.0 = Debug|Any CPU
		{6A6D612C-79F0-45C9-A00F-584D474F6762}.Release|Any CPU.ActiveCfg = Release|Any CPU
		{6A6D612C-79F0-45C9-A00F-584D474F6762}.Release|Any CPU.Build.0 = Release|Any CPU
		{1B7B0BE5-9F39-42F9-9A7C-81EC56303F65}.Debug|Any CPU.ActiveCfg = Debug|Any CPU
		{1B7B0BE5-9F39-42F9-9A7C-81EC56303F65}.Debug|Any CPU.Build.0 = Debug|Any CPU
		{1B7B0BE5-9F39-42F9-9A7C-81EC56303F65}.Release|Any CPU.ActiveCfg = Release|Any CPU
		{1B7B0BE5-9F39-42F9-9A7C-81EC56303F65}.Release|Any CPU.Build.0 = Release|Any CPU
		{3830A99E-2458-42D4-B7F1-1671488F3FD6}.Debug|Any CPU.ActiveCfg = Debug|Any CPU
		{3830A99E-2458-42D4-B7F1-1671488F3FD6}.Debug|Any CPU.Build.0 = Debug|Any CPU
		{3830A99E-2458-42D4-B7F1-1671488F3FD6}.Release|Any CPU.ActiveCfg = Release|Any CPU
		{3830A99E-2458-42D4-B7F1-1671488F3FD6}.Release|Any CPU.Build.0 = Release|Any CPU
		{94E1ACDD-571B-407B-91D5-11960EDA7F37}.Debug|Any CPU.ActiveCfg = Debug|Any CPU
		{94E1ACDD-571B-407B-91D5-11960EDA7F37}.Debug|Any CPU.Build.0 = Debug|Any CPU
		{94E1ACDD-571B-407B-91D5-11960EDA7F37}.Release|Any CPU.ActiveCfg = Release|Any CPU
		{94E1ACDD-571B-407B-91D5-11960EDA7F37}.Release|Any CPU.Build.0 = Release|Any CPU
		{67E7BC75-0A04-4DC8-ADE2-C4AEC627F7E1}.Debug|Any CPU.ActiveCfg = Debug|Any CPU
		{67E7BC75-0A04-4DC8-ADE2-C4AEC627F7E1}.Debug|Any CPU.Build.0 = Debug|Any CPU
		{67E7BC75-0A04-4DC8-ADE2-C4AEC627F7E1}.Release|Any CPU.ActiveCfg = Release|Any CPU
		{67E7BC75-0A04-4DC8-ADE2-C4AEC627F7E1}.Release|Any CPU.Build.0 = Release|Any CPU
		{B3B2ACC5-F6F7-4475-8087-7A3165DFC724}.Debug|Any CPU.ActiveCfg = Debug|Any CPU
		{B3B2ACC5-F6F7-4475-8087-7A3165DFC724}.Debug|Any CPU.Build.0 = Debug|Any CPU
		{B3B2ACC5-F6F7-4475-8087-7A3165DFC724}.Release|Any CPU.ActiveCfg = Release|Any CPU
		{B3B2ACC5-F6F7-4475-8087-7A3165DFC724}.Release|Any CPU.Build.0 = Release|Any CPU
		{1A9390AF-6735-4126-B473-2AAFFDB7A0DD}.Debug|Any CPU.ActiveCfg = Debug|Any CPU
		{1A9390AF-6735-4126-B473-2AAFFDB7A0DD}.Debug|Any CPU.Build.0 = Debug|Any CPU
		{1A9390AF-6735-4126-B473-2AAFFDB7A0DD}.Release|Any CPU.ActiveCfg = Release|Any CPU
		{1A9390AF-6735-4126-B473-2AAFFDB7A0DD}.Release|Any CPU.Build.0 = Release|Any CPU
		{45506C4B-7AD7-4D65-9459-30B8A254781C}.Debug|Any CPU.ActiveCfg = Debug|Any CPU
		{45506C4B-7AD7-4D65-9459-30B8A254781C}.Debug|Any CPU.Build.0 = Debug|Any CPU
		{45506C4B-7AD7-4D65-9459-30B8A254781C}.Release|Any CPU.ActiveCfg = Release|Any CPU
		{45506C4B-7AD7-4D65-9459-30B8A254781C}.Release|Any CPU.Build.0 = Release|Any CPU
		{847547D2-35B4-4C14-B229-D2B28BF7F8F0}.Debug|Any CPU.ActiveCfg = Debug|Any CPU
		{847547D2-35B4-4C14-B229-D2B28BF7F8F0}.Debug|Any CPU.Build.0 = Debug|Any CPU
		{847547D2-35B4-4C14-B229-D2B28BF7F8F0}.Release|Any CPU.ActiveCfg = Release|Any CPU
		{847547D2-35B4-4C14-B229-D2B28BF7F8F0}.Release|Any CPU.Build.0 = Release|Any CPU
		{C1BEFB1A-3DF8-43E8-9A5D-A70EF7C36B1D}.Debug|Any CPU.ActiveCfg = Debug|Any CPU
		{C1BEFB1A-3DF8-43E8-9A5D-A70EF7C36B1D}.Debug|Any CPU.Build.0 = Debug|Any CPU
		{C1BEFB1A-3DF8-43E8-9A5D-A70EF7C36B1D}.Release|Any CPU.ActiveCfg = Release|Any CPU
		{C1BEFB1A-3DF8-43E8-9A5D-A70EF7C36B1D}.Release|Any CPU.Build.0 = Release|Any CPU
		{D9B28D85-E0F9-44B6-AF99-1E347CFA17DB}.Debug|Any CPU.ActiveCfg = Debug|Any CPU
		{D9B28D85-E0F9-44B6-AF99-1E347CFA17DB}.Debug|Any CPU.Build.0 = Debug|Any CPU
		{D9B28D85-E0F9-44B6-AF99-1E347CFA17DB}.Release|Any CPU.ActiveCfg = Release|Any CPU
		{D9B28D85-E0F9-44B6-AF99-1E347CFA17DB}.Release|Any CPU.Build.0 = Release|Any CPU
		{D8A4BABA-7AF6-4F58-A7E6-822FA38A65FD}.Debug|Any CPU.ActiveCfg = Debug|Any CPU
		{D8A4BABA-7AF6-4F58-A7E6-822FA38A65FD}.Debug|Any CPU.Build.0 = Debug|Any CPU
		{D8A4BABA-7AF6-4F58-A7E6-822FA38A65FD}.Release|Any CPU.ActiveCfg = Release|Any CPU
		{D8A4BABA-7AF6-4F58-A7E6-822FA38A65FD}.Release|Any CPU.Build.0 = Release|Any CPU
		{8DF427D0-8D66-4F08-8DBC-296BB334B06B}.Debug|Any CPU.ActiveCfg = Debug|Any CPU
		{8DF427D0-8D66-4F08-8DBC-296BB334B06B}.Debug|Any CPU.Build.0 = Debug|Any CPU
		{8DF427D0-8D66-4F08-8DBC-296BB334B06B}.Release|Any CPU.ActiveCfg = Release|Any CPU
		{8DF427D0-8D66-4F08-8DBC-296BB334B06B}.Release|Any CPU.Build.0 = Release|Any CPU
		{6E9769D5-FA04-43A4-AD47-8980E0321A08}.Debug|Any CPU.ActiveCfg = Debug|Any CPU
		{6E9769D5-FA04-43A4-AD47-8980E0321A08}.Debug|Any CPU.Build.0 = Debug|Any CPU
		{6E9769D5-FA04-43A4-AD47-8980E0321A08}.Release|Any CPU.ActiveCfg = Release|Any CPU
		{6E9769D5-FA04-43A4-AD47-8980E0321A08}.Release|Any CPU.Build.0 = Release|Any CPU
		{33F81BCE-A305-47EF-A06E-3B6BC77BEE3F}.Debug|Any CPU.ActiveCfg = Debug|Any CPU
		{33F81BCE-A305-47EF-A06E-3B6BC77BEE3F}.Debug|Any CPU.Build.0 = Debug|Any CPU
		{33F81BCE-A305-47EF-A06E-3B6BC77BEE3F}.Release|Any CPU.ActiveCfg = Release|Any CPU
		{33F81BCE-A305-47EF-A06E-3B6BC77BEE3F}.Release|Any CPU.Build.0 = Release|Any CPU
		{FC6BF8E2-4513-42B8-8ED3-C58EB6CE3484}.Debug|Any CPU.ActiveCfg = Debug|Any CPU
		{FC6BF8E2-4513-42B8-8ED3-C58EB6CE3484}.Debug|Any CPU.Build.0 = Debug|Any CPU
		{FC6BF8E2-4513-42B8-8ED3-C58EB6CE3484}.Release|Any CPU.ActiveCfg = Release|Any CPU
		{FC6BF8E2-4513-42B8-8ED3-C58EB6CE3484}.Release|Any CPU.Build.0 = Release|Any CPU
		{5166F1F3-7E48-4676-8A90-25DED1B9A726}.Debug|Any CPU.ActiveCfg = Debug|Any CPU
		{5166F1F3-7E48-4676-8A90-25DED1B9A726}.Debug|Any CPU.Build.0 = Debug|Any CPU
		{5166F1F3-7E48-4676-8A90-25DED1B9A726}.Release|Any CPU.ActiveCfg = Release|Any CPU
		{5166F1F3-7E48-4676-8A90-25DED1B9A726}.Release|Any CPU.Build.0 = Release|Any CPU
		{78A80450-47C9-4FE8-9654-32D689800249}.Debug|Any CPU.ActiveCfg = Debug|Any CPU
		{78A80450-47C9-4FE8-9654-32D689800249}.Debug|Any CPU.Build.0 = Debug|Any CPU
		{78A80450-47C9-4FE8-9654-32D689800249}.Release|Any CPU.ActiveCfg = Release|Any CPU
		{78A80450-47C9-4FE8-9654-32D689800249}.Release|Any CPU.Build.0 = Release|Any CPU
		{CAEEA13A-5721-4895-A9D1-A08171002702}.Debug|Any CPU.ActiveCfg = Debug|Any CPU
		{CAEEA13A-5721-4895-A9D1-A08171002702}.Debug|Any CPU.Build.0 = Debug|Any CPU
		{CAEEA13A-5721-4895-A9D1-A08171002702}.Release|Any CPU.ActiveCfg = Release|Any CPU
		{CAEEA13A-5721-4895-A9D1-A08171002702}.Release|Any CPU.Build.0 = Release|Any CPU
		{B27A9CA2-AA89-497E-884E-C4B244A995EE}.Debug|Any CPU.ActiveCfg = Debug|Any CPU
		{B27A9CA2-AA89-497E-884E-C4B244A995EE}.Debug|Any CPU.Build.0 = Debug|Any CPU
		{B27A9CA2-AA89-497E-884E-C4B244A995EE}.Release|Any CPU.ActiveCfg = Release|Any CPU
		{B27A9CA2-AA89-497E-884E-C4B244A995EE}.Release|Any CPU.Build.0 = Release|Any CPU
		{37BF9EE5-CFDF-4F3D-86E6-B56C8A4C3E8C}.Debug|Any CPU.ActiveCfg = Debug|Any CPU
		{37BF9EE5-CFDF-4F3D-86E6-B56C8A4C3E8C}.Debug|Any CPU.Build.0 = Debug|Any CPU
		{37BF9EE5-CFDF-4F3D-86E6-B56C8A4C3E8C}.Release|Any CPU.ActiveCfg = Release|Any CPU
		{37BF9EE5-CFDF-4F3D-86E6-B56C8A4C3E8C}.Release|Any CPU.Build.0 = Release|Any CPU
		{57DD332E-C179-48C9-B52F-FFCA1B3421B5}.Debug|Any CPU.ActiveCfg = Debug|Any CPU
		{57DD332E-C179-48C9-B52F-FFCA1B3421B5}.Debug|Any CPU.Build.0 = Debug|Any CPU
		{57DD332E-C179-48C9-B52F-FFCA1B3421B5}.Release|Any CPU.ActiveCfg = Release|Any CPU
		{57DD332E-C179-48C9-B52F-FFCA1B3421B5}.Release|Any CPU.Build.0 = Release|Any CPU
		{EDE25A92-903E-46E8-B697-EE0CD3E7DE76}.Debug|Any CPU.ActiveCfg = Debug|Any CPU
		{EDE25A92-903E-46E8-B697-EE0CD3E7DE76}.Debug|Any CPU.Build.0 = Debug|Any CPU
		{EDE25A92-903E-46E8-B697-EE0CD3E7DE76}.Release|Any CPU.ActiveCfg = Release|Any CPU
		{EDE25A92-903E-46E8-B697-EE0CD3E7DE76}.Release|Any CPU.Build.0 = Release|Any CPU
	EndGlobalSection
	GlobalSection(SolutionProperties) = preSolution
		HideSolutionNode = FALSE
	EndGlobalSection
	GlobalSection(NestedProjects) = preSolution
		{4F99613C-BA25-4524-9478-8A2C6A890129} = {220D9BFB-8EDF-4C36-BB8A-60F73B4CA19C}
		{6A6D612C-79F0-45C9-A00F-584D474F6762} = {220D9BFB-8EDF-4C36-BB8A-60F73B4CA19C}
		{1B7B0BE5-9F39-42F9-9A7C-81EC56303F65} = {220D9BFB-8EDF-4C36-BB8A-60F73B4CA19C}
		{3830A99E-2458-42D4-B7F1-1671488F3FD6} = {B9DA46BC-9443-4DDB-8157-91A8EC3E234A}
		{94E1ACDD-571B-407B-91D5-11960EDA7F37} = {B9DA46BC-9443-4DDB-8157-91A8EC3E234A}
		{67E7BC75-0A04-4DC8-ADE2-C4AEC627F7E1} = {B9DA46BC-9443-4DDB-8157-91A8EC3E234A}
		{B3B2ACC5-F6F7-4475-8087-7A3165DFC724} = {C1F6C32B-E7B4-46CE-8D04-1766F0C5ED85}
		{1A9390AF-6735-4126-B473-2AAFFDB7A0DD} = {C1F6C32B-E7B4-46CE-8D04-1766F0C5ED85}
		{45506C4B-7AD7-4D65-9459-30B8A254781C} = {C1F6C32B-E7B4-46CE-8D04-1766F0C5ED85}
		{847547D2-35B4-4C14-B229-D2B28BF7F8F0} = {BEF4B24A-DB50-4375-9A92-33B9CA9D4F63}
		{C1BEFB1A-3DF8-43E8-9A5D-A70EF7C36B1D} = {BEF4B24A-DB50-4375-9A92-33B9CA9D4F63}
		{D9B28D85-E0F9-44B6-AF99-1E347CFA17DB} = {BEF4B24A-DB50-4375-9A92-33B9CA9D4F63}
		{D8A4BABA-7AF6-4F58-A7E6-822FA38A65FD} = {FBE97FD9-BAD2-4259-B739-480477BE9F81}
		{8DF427D0-8D66-4F08-8DBC-296BB334B06B} = {FBE97FD9-BAD2-4259-B739-480477BE9F81}
		{6E9769D5-FA04-43A4-AD47-8980E0321A08} = {FBE97FD9-BAD2-4259-B739-480477BE9F81}
		{33F81BCE-A305-47EF-A06E-3B6BC77BEE3F} = {56BFE44B-5FFC-47B4-A828-BC72A939F85B}
		{FC6BF8E2-4513-42B8-8ED3-C58EB6CE3484} = {56BFE44B-5FFC-47B4-A828-BC72A939F85B}
		{5166F1F3-7E48-4676-8A90-25DED1B9A726} = {56BFE44B-5FFC-47B4-A828-BC72A939F85B}
		{78A80450-47C9-4FE8-9654-32D689800249} = {D94A43F5-C389-4C26-8AA9-FD4E5602B45D}
		{CAEEA13A-5721-4895-A9D1-A08171002702} = {D94A43F5-C389-4C26-8AA9-FD4E5602B45D}
		{B27A9CA2-AA89-497E-884E-C4B244A995EE} = {D94A43F5-C389-4C26-8AA9-FD4E5602B45D}
		{37BF9EE5-CFDF-4F3D-86E6-B56C8A4C3E8C} = {8115C543-C31C-4038-89EB-0FBB86AD6F36}
		{57DD332E-C179-48C9-B52F-FFCA1B3421B5} = {8115C543-C31C-4038-89EB-0FBB86AD6F36}
		{EDE25A92-903E-46E8-B697-EE0CD3E7DE76} = {8115C543-C31C-4038-89EB-0FBB86AD6F36}
	EndGlobalSection
	GlobalSection(ExtensibilityGlobals) = postSolution
		SolutionGuid = {BCBC8AF0-7E17-4F72-8A14-0C92D7A6C9DB}
	EndGlobalSection
EndGlobal
